
Microsoft Visual Studio Solution File, Format Version 12.00
# Visual Studio 15
VisualStudioVersion = 15.0.27703.2042
MinimumVisualStudioVersion = 10.0.40219.1
Project("{FAE04EC0-301F-11D3-BF4B-00C04F79EFBC}") = "DigitalResume", "DigitalResume\DigitalResume.csproj", "{5D34DA88-F5AB-4D40-A6E8-36EF8E1900A0}"
EndProject
Project("{54435603-DBB4-11D2-8724-00A0C9A8B90C}") = "DigitalResumeSetup", "DigitalResumeSetup\DigitalResumeSetup.vdproj", "{A7FF010A-6DD4-4D5F-9EA0-2444637CA60F}"
EndProject
Global
	GlobalSection(SolutionConfigurationPlatforms) = preSolution
		Debug|Any CPU = Debug|Any CPU
		Release|Any CPU = Release|Any CPU
	EndGlobalSection
	GlobalSection(ProjectConfigurationPlatforms) = postSolution
		{5D34DA88-F5AB-4D40-A6E8-36EF8E1900A0}.Debug|Any CPU.ActiveCfg = Debug|Any CPU
		{5D34DA88-F5AB-4D40-A6E8-36EF8E1900A0}.Debug|Any CPU.Build.0 = Debug|Any CPU
		{5D34DA88-F5AB-4D40-A6E8-36EF8E1900A0}.Release|Any CPU.ActiveCfg = Release|Any CPU
		{5D34DA88-F5AB-4D40-A6E8-36EF8E1900A0}.Release|Any CPU.Build.0 = Release|Any CPU
		{A7FF010A-6DD4-4D5F-9EA0-2444637CA60F}.Debug|Any CPU.ActiveCfg = Debug
		{A7FF010A-6DD4-4D5F-9EA0-2444637CA60F}.Release|Any CPU.ActiveCfg = Release
	EndGlobalSection
	GlobalSection(SolutionProperties) = preSolution
		HideSolutionNode = FALSE
	EndGlobalSection
	GlobalSection(ExtensibilityGlobals) = postSolution
		SolutionGuid = {3125F940-4C37-4A08-A035-2A47A89C3817}
	EndGlobalSection
EndGlobal
